// !$*UTF8*$!
{
	archiveVersion = 1;
	classes = {
	};
	objectVersion = 77;
	objects = {

/* Begin PBXBuildFile section */
		011A5151D2A40D11F5767945 /* TomorrowWeatherProvider.swift in Sources */ = {isa = PBXBuildFile; fileRef = 292CC2C048043A0D96C5D775 /* TomorrowWeatherProvider.swift */; };
		0384691ECF7EEB2CDDB7A805 /* SettingsView.swift in Sources */ = {isa = PBXBuildFile; fileRef = B1664307D8A41C65CB4495D3 /* SettingsView.swift */; };
		1069029FA38AC384B8D7E894 /* TodayFeedbackViews.swift in Sources */ = {isa = PBXBuildFile; fileRef = C1F8CBBE28868F64C5F11956 /* TodayFeedbackViews.swift */; };
		13223625EC9D2CC5BEEFB879 /* RecommendationEngine.swift in Sources */ = {isa = PBXBuildFile; fileRef = 3E7A3D5FF30D8C4425502465 /* RecommendationEngine.swift */; };
		223AB287F65DA35004A2B056 /* work-capsule-onboarding.png in Resources */ = {isa = PBXBuildFile; fileRef = 82883FD9D790A32728283834 /* work-capsule-onboarding.png */; };
		2772D4191F098F45E5BAD44D /* LocalizationTests.swift in Sources */ = {isa = PBXBuildFile; fileRef = 9341A2CD9130251CB0A2FE40 /* LocalizationTests.swift */; };
		29C98A7B7B8877533246DE6A /* TodayDashboardCard.swift in Sources */ = {isa = PBXBuildFile; fileRef = 89F0917019B53E7AA4078D20 /* TodayDashboardCard.swift */; };
		2CDDB3CA9A1F2C0304448F4F /* LooksHistoryEntry.swift in Sources */ = {isa = PBXBuildFile; fileRef = 3CBF41C7D0726124D828F1A0 /* LooksHistoryEntry.swift */; };
		32EA1A1610EBD14B01AEA771 /* ClosetItemPhotoPersistence.swift in Sources */ = {isa = PBXBuildFile; fileRef = 3FF35D600D515357508EC9BD /* ClosetItemPhotoPersistence.swift */; };
		33330BCC6307EC51B446596A /* TodayLookCards.swift in Sources */ = {isa = PBXBuildFile; fileRef = E59D2C477BE303C6088061F9 /* TodayLookCards.swift */; };
		33F836112CA9FE571BB1E046 /* RecommendationInput.swift in Sources */ = {isa = PBXBuildFile; fileRef = 7DFDD5DC2D19EF546AB00F79 /* RecommendationInput.swift */; };
		35A52756F7AFE15B490885FA /* AppRootView.swift in Sources */ = {isa = PBXBuildFile; fileRef = 133E07AB3D2F286CB6D9D290 /* AppRootView.swift */; };
		3B0149C09FCAB555B564A2A7 /* InfoPlist.strings in Resources */ = {isa = PBXBuildFile; fileRef = E413A5D1091A7FF183944E06 /* InfoPlist.strings */; };
		3F440E2A823C1BC84DF5BC41 /* Enums.swift in Sources */ = {isa = PBXBuildFile; fileRef = A250FFED2E6145D49403BE36 /* Enums.swift */; };
		4346B649C06D1E28A39E0440 /* BundledPNGImage.swift in Sources */ = {isa = PBXBuildFile; fileRef = 809ABAC65A4166EC85CF9DA4 /* BundledPNGImage.swift */; };
		47FEF10443A5922DEFB6099B /* ClosetItemDetailView.swift in Sources */ = {isa = PBXBuildFile; fileRef = 68701FCD5AF70BE1DC246EF9 /* ClosetItemDetailView.swift */; };
		4A05B875DC92AED9298F9E65 /* editorial-light-blue-blouse.png in Resources */ = {isa = PBXBuildFile; fileRef = 4C46A688E0AAAA6898691AC8 /* editorial-light-blue-blouse.png */; };
		4A4F33914D9345607CC771E5 /* LocalizedDisplayNames.swift in Sources */ = {isa = PBXBuildFile; fileRef = A839101467EA40BAC9622ACC /* LocalizedDisplayNames.swift */; };
		4BD7B4051AAC26E4795D77D3 /* AIStylistClient.swift in Sources */ = {isa = PBXBuildFile; fileRef = E1A4485E7B21E0AECAB6C301 /* AIStylistClient.swift */; };
		4BDB406AAAFF08EC48BC36A8 /* ClothingItem.swift in Sources */ = {isa = PBXBuildFile; fileRef = 7C5929B6A909117EC0CD6464 /* ClothingItem.swift */; };
		50DFB63BB3F1879695C9E264 /* TodayDecisionSupportViews.swift in Sources */ = {isa = PBXBuildFile; fileRef = 6A042EFCA92233AF531A985A /* TodayDecisionSupportViews.swift */; };
		558F59A6524BB54FF338E9B1 /* AddItemSemanticLevelControls.swift in Sources */ = {isa = PBXBuildFile; fileRef = 49FB3B02FAF5157691270898 /* AddItemSemanticLevelControls.swift */; };
		583A2779FD5EE3B724ECE4E0 /* UserPreference.swift in Sources */ = {isa = PBXBuildFile; fileRef = 1455F84F2C8116E6F6D228E2 /* UserPreference.swift */; };
		590ED3BF4635F6FC7C22A43D /* AddEditItemSnapshot.swift in Sources */ = {isa = PBXBuildFile; fileRef = 73D373E1D22E4992594734E7 /* AddEditItemSnapshot.swift */; };
		5963473D25A6DD11BA02DBE0 /* ColorResolverTests.swift in Sources */ = {isa = PBXBuildFile; fileRef = DCA34D7124C32E8513FEBC82 /* ColorResolverTests.swift */; };
		59F936BF9D10DD0BC453E3D3 /* ImageStoreTests.swift in Sources */ = {isa = PBXBuildFile; fileRef = BB2D9874E30C341346C01C09 /* ImageStoreTests.swift */; };
		5DC5706EAC2142FAB6BDC0C5 /* TomorrowRecommendationInput.swift in Sources */ = {isa = PBXBuildFile; fileRef = 6FB43E072BA67FB7B4AE0099 /* TomorrowRecommendationInput.swift */; };
		5E09159BF02842FF3E61E279 /* TomorrowWeatherContext.swift in Sources */ = {isa = PBXBuildFile; fileRef = BB5467D2C59170A22A523932 /* TomorrowWeatherContext.swift */; };
		6E03B115ED96960ECEEB2295 /* editorial-charcoal-blazer.png in Resources */ = {isa = PBXBuildFile; fileRef = 2795F83AC148DE69BD259B50 /* editorial-charcoal-blazer.png */; };
		76360778BAD13B0366ABF9C4 /* TodayWeatherPreview.swift in Sources */ = {isa = PBXBuildFile; fileRef = 0DDF783B278AE4409D6F26AC /* TodayWeatherPreview.swift */; };
		7682B9A97FDA6BB5381CB26E /* AIStylistClientTests.swift in Sources */ = {isa = PBXBuildFile; fileRef = 48D80DA3A15B558323AD91C2 /* AIStylistClientTests.swift */; };
		7FA3CCA8190DBC99D47F9958 /* editorial-charcoal-knit.png in Resources */ = {isa = PBXBuildFile; fileRef = 296CF2132B53E4F593A46D56 /* editorial-charcoal-knit.png */; };
		7FF6C8405650484701BFE182 /* DesignSystem.swift in Sources */ = {isa = PBXBuildFile; fileRef = 8EA9444B65C10A16BD4568C6 /* DesignSystem.swift */; };
		82B21EC7302803A79E18DE4F /* editorial-navy-bottom.png in Resources */ = {isa = PBXBuildFile; fileRef = E1BD67DE5C1FE765B4189FB3 /* editorial-navy-bottom.png */; };
		846F50C09E8CA6210EB00CFE /* LooksView.swift in Sources */ = {isa = PBXBuildFile; fileRef = B862F19226649FA809122C8C /* LooksView.swift */; };
		8934C1F9A3D2A327559CEBDD /* L10n.swift in Sources */ = {isa = PBXBuildFile; fileRef = 3459542ECBE9CB5C77731D26 /* L10n.swift */; };
		8B0F59B9FD6624CC9CBA9FEE /* Localizable.strings in Resources */ = {isa = PBXBuildFile; fileRef = A85750860228B7E00954FB56 /* Localizable.strings */; };
		8B4C7A8E92A0F2F131F12441 /* ClosetPinTests.swift in Sources */ = {isa = PBXBuildFile; fileRef = 9C8C5196510F381DD189A761 /* ClosetPinTests.swift */; };
		8C08826DB12653212B9D6AEF /* Outfit.swift in Sources */ = {isa = PBXBuildFile; fileRef = 5CA4E1C0FD19B09BFCC523B2 /* Outfit.swift */; };
		8CB792B52893C36DA199C581 /* ClosetPinUITests.swift in Sources */ = {isa = PBXBuildFile; fileRef = 781E7B811736C7608A900BCE /* ClosetPinUITests.swift */; };
		913EEEB7F01C22325009C159 /* SeasonResolver.swift in Sources */ = {isa = PBXBuildFile; fileRef = F3835AE21A74BC181029A710 /* SeasonResolver.swift */; };
		96B5A4BBE8712776077009C7 /* LocalFallbackStylistClient.swift in Sources */ = {isa = PBXBuildFile; fileRef = 98A702507D275A1F77DA4D0C /* LocalFallbackStylistClient.swift */; };
		976AFE3CC1ABFCD220752F83 /* RecommendationEngineTests.swift in Sources */ = {isa = PBXBuildFile; fileRef = 4C22975C677DB5862CF5CBD2 /* RecommendationEngineTests.swift */; };
		9D30CCF14F7364701FE4A552 /* editorial-black-bottom.png in Resources */ = {isa = PBXBuildFile; fileRef = 3116EA28A875687F20B9183A /* editorial-black-bottom.png */; };
		A19EA32E3A40F2F9E8F3A045 /* SeedData.swift in Sources */ = {isa = PBXBuildFile; fileRef = 94930D19525D7A6DB8DFE234 /* SeedData.swift */; };
		A521AD0B82DD8C1E387C05B6 /* ImageStore.swift in Sources */ = {isa = PBXBuildFile; fileRef = 13E8095EBD274CF5062F6FD7 /* ImageStore.swift */; };
		ACCB10B79DE1C5F80AB82EEE /* TodayView.swift in Sources */ = {isa = PBXBuildFile; fileRef = B8166A173440743E1A3E9BBA /* TodayView.swift */; };
		B088F72542BD08CDE279DDB4 /* ClosetGridComponents.swift in Sources */ = {isa = PBXBuildFile; fileRef = 6EE3BFEBA1EE4BA87BDD94C4 /* ClosetGridComponents.swift */; };
		B64DB556579DA270D4F9B90B /* TodayRecommendationExplanation.swift in Sources */ = {isa = PBXBuildFile; fileRef = 581701A584770C17DC783A88 /* TodayRecommendationExplanation.swift */; };
		B9452B3D2C6AED70E885FA6C /* AddItemPhotoPreviewAndCamera.swift in Sources */ = {isa = PBXBuildFile; fileRef = 81F1927E477038BB6B2B0928 /* AddItemPhotoPreviewAndCamera.swift */; };
		CA3BC3011ACF3AE34B63D46F /* empty-closet.png in Resources */ = {isa = PBXBuildFile; fileRef = D1B7AA169818AAB97CABB7DB /* empty-closet.png */; };
		CF245F9253FEF30794EA42CC /* editorial-black-shoes.png in Resources */ = {isa = PBXBuildFile; fileRef = DA163B8A51D76F86E6C91BCC /* editorial-black-shoes.png */; };
		D03FD08A7348A5D667C0D204 /* TodayFeedbackRecorder.swift in Sources */ = {isa = PBXBuildFile; fileRef = C22D3C89603FDF9ACBA3FF92 /* TodayFeedbackRecorder.swift */; };
		D0D01A0DDBF9A6CD80152D4B /* OutfitCandidate.swift in Sources */ = {isa = PBXBuildFile; fileRef = 35D7624E1D14529B81A91C33 /* OutfitCandidate.swift */; };
		D3F2AD7BF0AAD9F5DD90875C /* TodayFeedbackRecorderTests.swift in Sources */ = {isa = PBXBuildFile; fileRef = E4A19A61B1888FD1922F01FC /* TodayFeedbackRecorderTests.swift */; };
		D42F784CFD95FC5F1A294887 /* TodayWeatherCards.swift in Sources */ = {isa = PBXBuildFile; fileRef = A08269C9046C4DD920CC6241 /* TodayWeatherCards.swift */; };
		D4E1825413421BBA2695582F /* ClosetPinApp.swift in Sources */ = {isa = PBXBuildFile; fileRef = 4E2990AF97E1832168A0D3E6 /* ClosetPinApp.swift */; };
		D72CA4D288CEDE820D0A3021 /* AddEditItemView.swift in Sources */ = {isa = PBXBuildFile; fileRef = 7E1DB499AC384C13A4BEB5BD /* AddEditItemView.swift */; };
		DB8D7FC7C21520079C764BE6 /* OutfitFeedback.swift in Sources */ = {isa = PBXBuildFile; fileRef = 26C0A972DE29D35FB193C0BA /* OutfitFeedback.swift */; };
		DC85507EA5555D582E7CCF7E /* ColorResolver.swift in Sources */ = {isa = PBXBuildFile; fileRef = A2A5B9448682133E954D60FA /* ColorResolver.swift */; };
		DE9FDA34FCDBA72C4CF3779B /* AddItemSupportComponents.swift in Sources */ = {isa = PBXBuildFile; fileRef = 4CD87B2B3B1A049B660561AE /* AddItemSupportComponents.swift */; };
		F05F50DD9561CA2678633C7D /* ClosetView.swift in Sources */ = {isa = PBXBuildFile; fileRef = DFC0B81F96A9D86DEE52FBDD /* ClosetView.swift */; };
		F17029415040017FA151B4CD /* WorkCapsuleOnboardingView.swift in Sources */ = {isa = PBXBuildFile; fileRef = 6EC74AA54C0434FFC1E558C9 /* WorkCapsuleOnboardingView.swift */; };
		F1FB0C44987B66FC3F17D0F3 /* editorial-brown-loafers.png in Resources */ = {isa = PBXBuildFile; fileRef = 0E6E9610785DCE4B3B4A0FB3 /* editorial-brown-loafers.png */; };
		F39DBC9FAF35295A292CC646 /* editorial-work-bag.png in Resources */ = {isa = PBXBuildFile; fileRef = 1E7AA4A90AC010AC251E028D /* editorial-work-bag.png */; };
		FB5CD0A93909E33A14778F93 /* editorial-white-shirt.png in Resources */ = {isa = PBXBuildFile; fileRef = CD536F12EE5B2CA515CB80A7 /* editorial-white-shirt.png */; };
/* End PBXBuildFile section */

/* Begin PBXContainerItemProxy section */
		94C0B8365CC3ECE750641326 /* PBXContainerItemProxy */ = {
			isa = PBXContainerItemProxy;
			containerPortal = F813D5A9D963A2FA53804366 /* Project object */;
			proxyType = 1;
			remoteGlobalIDString = 22616170217B7A3A0B092028;
			remoteInfo = ClosetPin;
		};
		FACFE6E9E56456747CAE619A /* PBXContainerItemProxy */ = {
			isa = PBXContainerItemProxy;
			containerPortal = F813D5A9D963A2FA53804366 /* Project object */;
			proxyType = 1;
			remoteGlobalIDString = 22616170217B7A3A0B092028;
			remoteInfo = ClosetPin;
		};
/* End PBXContainerItemProxy section */

/* Begin PBXFileReference section */
		09691AA12BF84B4D80051480 /* .gitkeep */ = {isa = PBXFileReference; path = .gitkeep; sourceTree = "<group>"; };
		0C9E2C56056470BB08CA6577 /* zh-Hans */ = {isa = PBXFileReference; lastKnownFileType = text.plist.strings; name = "zh-Hans"; path = "zh-Hans.lproj/Localizable.strings"; sourceTree = "<group>"; };
		0DDF783B278AE4409D6F26AC /* TodayWeatherPreview.swift */ = {isa = PBXFileReference; lastKnownFileType = sourcecode.swift; path = TodayWeatherPreview.swift; sourceTree = "<group>"; };
		0E6E9610785DCE4B3B4A0FB3 /* editorial-brown-loafers.png */ = {isa = PBXFileReference; lastKnownFileType = image.png; path = "editorial-brown-loafers.png"; sourceTree = "<group>"; };
		133E07AB3D2F286CB6D9D290 /* AppRootView.swift */ = {isa = PBXFileReference; lastKnownFileType = sourcecode.swift; path = AppRootView.swift; sourceTree = "<group>"; };
		13E8095EBD274CF5062F6FD7 /* ImageStore.swift */ = {isa = PBXFileReference; lastKnownFileType = sourcecode.swift; path = ImageStore.swift; sourceTree = "<group>"; };
		1455F84F2C8116E6F6D228E2 /* UserPreference.swift */ = {isa = PBXFileReference; lastKnownFileType = sourcecode.swift; path = UserPreference.swift; sourceTree = "<group>"; };
		1A6628CF51AD828C51B7775F /* .gitkeep */ = {isa = PBXFileReference; path = .gitkeep; sourceTree = "<group>"; };
		1B3C054A40FFB8CE8696ED95 /* ClosetPin.app */ = {isa = PBXFileReference; includeInIndex = 0; lastKnownFileType = wrapper.application; path = ClosetPin.app; sourceTree = BUILT_PRODUCTS_DIR; };
		1E7AA4A90AC010AC251E028D /* editorial-work-bag.png */ = {isa = PBXFileReference; lastKnownFileType = image.png; path = "editorial-work-bag.png"; sourceTree = "<group>"; };
		221D379C5738B55042B86777 /* ClosetPin.entitlements */ = {isa = PBXFileReference; lastKnownFileType = text.plist.entitlements; path = ClosetPin.entitlements; sourceTree = "<group>"; };
		26C0A972DE29D35FB193C0BA /* OutfitFeedback.swift */ = {isa = PBXFileReference; lastKnownFileType = sourcecode.swift; path = OutfitFeedback.swift; sourceTree = "<group>"; };
		2795F83AC148DE69BD259B50 /* editorial-charcoal-blazer.png */ = {isa = PBXFileReference; lastKnownFileType = image.png; path = "editorial-charcoal-blazer.png"; sourceTree = "<group>"; };
		292CC2C048043A0D96C5D775 /* TomorrowWeatherProvider.swift */ = {isa = PBXFileReference; lastKnownFileType = sourcecode.swift; path = TomorrowWeatherProvider.swift; sourceTree = "<group>"; };
		296CF2132B53E4F593A46D56 /* editorial-charcoal-knit.png */ = {isa = PBXFileReference; lastKnownFileType = image.png; path = "editorial-charcoal-knit.png"; sourceTree = "<group>"; };
		3116EA28A875687F20B9183A /* editorial-black-bottom.png */ = {isa = PBXFileReference; lastKnownFileType = image.png; path = "editorial-black-bottom.png"; sourceTree = "<group>"; };
		3459542ECBE9CB5C77731D26 /* L10n.swift */ = {isa = PBXFileReference; lastKnownFileType = sourcecode.swift; path = L10n.swift; sourceTree = "<group>"; };
		35D7624E1D14529B81A91C33 /* OutfitCandidate.swift */ = {isa = PBXFileReference; lastKnownFileType = sourcecode.swift; path = OutfitCandidate.swift; sourceTree = "<group>"; };
		3CBF41C7D0726124D828F1A0 /* LooksHistoryEntry.swift */ = {isa = PBXFileReference; lastKnownFileType = sourcecode.swift; path = LooksHistoryEntry.swift; sourceTree = "<group>"; };
		3E7A3D5FF30D8C4425502465 /* RecommendationEngine.swift */ = {isa = PBXFileReference; lastKnownFileType = sourcecode.swift; path = RecommendationEngine.swift; sourceTree = "<group>"; };
		3FF35D600D515357508EC9BD /* ClosetItemPhotoPersistence.swift */ = {isa = PBXFileReference; lastKnownFileType = sourcecode.swift; path = ClosetItemPhotoPersistence.swift; sourceTree = "<group>"; };
		48D80DA3A15B558323AD91C2 /* AIStylistClientTests.swift */ = {isa = PBXFileReference; lastKnownFileType = sourcecode.swift; path = AIStylistClientTests.swift; sourceTree = "<group>"; };
		49FB3B02FAF5157691270898 /* AddItemSemanticLevelControls.swift */ = {isa = PBXFileReference; lastKnownFileType = sourcecode.swift; path = AddItemSemanticLevelControls.swift; sourceTree = "<group>"; };
		4C22975C677DB5862CF5CBD2 /* RecommendationEngineTests.swift */ = {isa = PBXFileReference; lastKnownFileType = sourcecode.swift; path = RecommendationEngineTests.swift; sourceTree = "<group>"; };
		4C46A688E0AAAA6898691AC8 /* editorial-light-blue-blouse.png */ = {isa = PBXFileReference; lastKnownFileType = image.png; path = "editorial-light-blue-blouse.png"; sourceTree = "<group>"; };
		4CD87B2B3B1A049B660561AE /* AddItemSupportComponents.swift */ = {isa = PBXFileReference; lastKnownFileType = sourcecode.swift; path = AddItemSupportComponents.swift; sourceTree = "<group>"; };
		4E2990AF97E1832168A0D3E6 /* ClosetPinApp.swift */ = {isa = PBXFileReference; lastKnownFileType = sourcecode.swift; path = ClosetPinApp.swift; sourceTree = "<group>"; };
		581701A584770C17DC783A88 /* TodayRecommendationExplanation.swift */ = {isa = PBXFileReference; lastKnownFileType = sourcecode.swift; path = TodayRecommendationExplanation.swift; sourceTree = "<group>"; };
		5CA4E1C0FD19B09BFCC523B2 /* Outfit.swift */ = {isa = PBXFileReference; lastKnownFileType = sourcecode.swift; path = Outfit.swift; sourceTree = "<group>"; };
		68701FCD5AF70BE1DC246EF9 /* ClosetItemDetailView.swift */ = {isa = PBXFileReference; lastKnownFileType = sourcecode.swift; path = ClosetItemDetailView.swift; sourceTree = "<group>"; };
		6A042EFCA92233AF531A985A /* TodayDecisionSupportViews.swift */ = {isa = PBXFileReference; lastKnownFileType = sourcecode.swift; path = TodayDecisionSupportViews.swift; sourceTree = "<group>"; };
		6EC74AA54C0434FFC1E558C9 /* WorkCapsuleOnboardingView.swift */ = {isa = PBXFileReference; lastKnownFileType = sourcecode.swift; path = WorkCapsuleOnboardingView.swift; sourceTree = "<group>"; };
		6EE3BFEBA1EE4BA87BDD94C4 /* ClosetGridComponents.swift */ = {isa = PBXFileReference; lastKnownFileType = sourcecode.swift; path = ClosetGridComponents.swift; sourceTree = "<group>"; };
		6FB43E072BA67FB7B4AE0099 /* TomorrowRecommendationInput.swift */ = {isa = PBXFileReference; lastKnownFileType = sourcecode.swift; path = TomorrowRecommendationInput.swift; sourceTree = "<group>"; };
		73D373E1D22E4992594734E7 /* AddEditItemSnapshot.swift */ = {isa = PBXFileReference; lastKnownFileType = sourcecode.swift; path = AddEditItemSnapshot.swift; sourceTree = "<group>"; };
		74E84EA8C06695AB1365D88C /* en */ = {isa = PBXFileReference; lastKnownFileType = text.plist.strings; name = en; path = en.lproj/Localizable.strings; sourceTree = "<group>"; };
		781E7B811736C7608A900BCE /* ClosetPinUITests.swift */ = {isa = PBXFileReference; lastKnownFileType = sourcecode.swift; path = ClosetPinUITests.swift; sourceTree = "<group>"; };
		7C5929B6A909117EC0CD6464 /* ClothingItem.swift */ = {isa = PBXFileReference; lastKnownFileType = sourcecode.swift; path = ClothingItem.swift; sourceTree = "<group>"; };
		7DFDD5DC2D19EF546AB00F79 /* RecommendationInput.swift */ = {isa = PBXFileReference; lastKnownFileType = sourcecode.swift; path = RecommendationInput.swift; sourceTree = "<group>"; };
		7E1DB499AC384C13A4BEB5BD /* AddEditItemView.swift */ = {isa = PBXFileReference; lastKnownFileType = sourcecode.swift; path = AddEditItemView.swift; sourceTree = "<group>"; };
		809ABAC65A4166EC85CF9DA4 /* BundledPNGImage.swift */ = {isa = PBXFileReference; lastKnownFileType = sourcecode.swift; path = BundledPNGImage.swift; sourceTree = "<group>"; };
		81F1927E477038BB6B2B0928 /* AddItemPhotoPreviewAndCamera.swift */ = {isa = PBXFileReference; lastKnownFileType = sourcecode.swift; path = AddItemPhotoPreviewAndCamera.swift; sourceTree = "<group>"; };
		82883FD9D790A32728283834 /* work-capsule-onboarding.png */ = {isa = PBXFileReference; lastKnownFileType = image.png; path = "work-capsule-onboarding.png"; sourceTree = "<group>"; };
		89F0917019B53E7AA4078D20 /* TodayDashboardCard.swift */ = {isa = PBXFileReference; lastKnownFileType = sourcecode.swift; path = TodayDashboardCard.swift; sourceTree = "<group>"; };
		8EA9444B65C10A16BD4568C6 /* DesignSystem.swift */ = {isa = PBXFileReference; lastKnownFileType = sourcecode.swift; path = DesignSystem.swift; sourceTree = "<group>"; };
		9341A2CD9130251CB0A2FE40 /* LocalizationTests.swift */ = {isa = PBXFileReference; lastKnownFileType = sourcecode.swift; path = LocalizationTests.swift; sourceTree = "<group>"; };
		94930D19525D7A6DB8DFE234 /* SeedData.swift */ = {isa = PBXFileReference; lastKnownFileType = sourcecode.swift; path = SeedData.swift; sourceTree = "<group>"; };
		98A702507D275A1F77DA4D0C /* LocalFallbackStylistClient.swift */ = {isa = PBXFileReference; lastKnownFileType = sourcecode.swift; path = LocalFallbackStylistClient.swift; sourceTree = "<group>"; };
		9C8C5196510F381DD189A761 /* ClosetPinTests.swift */ = {isa = PBXFileReference; lastKnownFileType = sourcecode.swift; path = ClosetPinTests.swift; sourceTree = "<group>"; };
		9F7A72148EB3026EB997AC00 /* zh-Hans */ = {isa = PBXFileReference; lastKnownFileType = text.plist.strings; name = "zh-Hans"; path = "zh-Hans.lproj/InfoPlist.strings"; sourceTree = "<group>"; };
		A08269C9046C4DD920CC6241 /* TodayWeatherCards.swift */ = {isa = PBXFileReference; lastKnownFileType = sourcecode.swift; path = TodayWeatherCards.swift; sourceTree = "<group>"; };
		A250FFED2E6145D49403BE36 /* Enums.swift */ = {isa = PBXFileReference; lastKnownFileType = sourcecode.swift; path = Enums.swift; sourceTree = "<group>"; };
		A2A5B9448682133E954D60FA /* ColorResolver.swift */ = {isa = PBXFileReference; lastKnownFileType = sourcecode.swift; path = ColorResolver.swift; sourceTree = "<group>"; };
		A839101467EA40BAC9622ACC /* LocalizedDisplayNames.swift */ = {isa = PBXFileReference; lastKnownFileType = sourcecode.swift; path = LocalizedDisplayNames.swift; sourceTree = "<group>"; };
		AB6F630D32F658640BF4DA16 /* en */ = {isa = PBXFileReference; lastKnownFileType = text.plist.strings; name = en; path = en.lproj/InfoPlist.strings; sourceTree = "<group>"; };
		B1664307D8A41C65CB4495D3 /* SettingsView.swift */ = {isa = PBXFileReference; lastKnownFileType = sourcecode.swift; path = SettingsView.swift; sourceTree = "<group>"; };
		B8166A173440743E1A3E9BBA /* TodayView.swift */ = {isa = PBXFileReference; lastKnownFileType = sourcecode.swift; path = TodayView.swift; sourceTree = "<group>"; };
		B862F19226649FA809122C8C /* LooksView.swift */ = {isa = PBXFileReference; lastKnownFileType = sourcecode.swift; path = LooksView.swift; sourceTree = "<group>"; };
		BB2D9874E30C341346C01C09 /* ImageStoreTests.swift */ = {isa = PBXFileReference; lastKnownFileType = sourcecode.swift; path = ImageStoreTests.swift; sourceTree = "<group>"; };
		BB5467D2C59170A22A523932 /* TomorrowWeatherContext.swift */ = {isa = PBXFileReference; lastKnownFileType = sourcecode.swift; path = TomorrowWeatherContext.swift; sourceTree = "<group>"; };
		C1F8CBBE28868F64C5F11956 /* TodayFeedbackViews.swift */ = {isa = PBXFileReference; lastKnownFileType = sourcecode.swift; path = TodayFeedbackViews.swift; sourceTree = "<group>"; };
		C22D3C89603FDF9ACBA3FF92 /* TodayFeedbackRecorder.swift */ = {isa = PBXFileReference; lastKnownFileType = sourcecode.swift; path = TodayFeedbackRecorder.swift; sourceTree = "<group>"; };
		CD536F12EE5B2CA515CB80A7 /* editorial-white-shirt.png */ = {isa = PBXFileReference; lastKnownFileType = image.png; path = "editorial-white-shirt.png"; sourceTree = "<group>"; };
		D1B7AA169818AAB97CABB7DB /* empty-closet.png */ = {isa = PBXFileReference; lastKnownFileType = image.png; path = "empty-closet.png"; sourceTree = "<group>"; };
		DA163B8A51D76F86E6C91BCC /* editorial-black-shoes.png */ = {isa = PBXFileReference; lastKnownFileType = image.png; path = "editorial-black-shoes.png"; sourceTree = "<group>"; };
		DCA34D7124C32E8513FEBC82 /* ColorResolverTests.swift */ = {isa = PBXFileReference; lastKnownFileType = sourcecode.swift; path = ColorResolverTests.swift; sourceTree = "<group>"; };
		DFC0B81F96A9D86DEE52FBDD /* ClosetView.swift */ = {isa = PBXFileReference; lastKnownFileType = sourcecode.swift; path = ClosetView.swift; sourceTree = "<group>"; };
		E1A4485E7B21E0AECAB6C301 /* AIStylistClient.swift */ = {isa = PBXFileReference; lastKnownFileType = sourcecode.swift; path = AIStylistClient.swift; sourceTree = "<group>"; };
		E1BD67DE5C1FE765B4189FB3 /* editorial-navy-bottom.png */ = {isa = PBXFileReference; lastKnownFileType = image.png; path = "editorial-navy-bottom.png"; sourceTree = "<group>"; };
		E4A19A61B1888FD1922F01FC /* TodayFeedbackRecorderTests.swift */ = {isa = PBXFileReference; lastKnownFileType = sourcecode.swift; path = TodayFeedbackRecorderTests.swift; sourceTree = "<group>"; };
		E59768AA5273726A64DDD37F /* ClosetPinTests.xctest */ = {isa = PBXFileReference; includeInIndex = 0; lastKnownFileType = wrapper.cfbundle; path = ClosetPinTests.xctest; sourceTree = BUILT_PRODUCTS_DIR; };
		E59D2C477BE303C6088061F9 /* TodayLookCards.swift */ = {isa = PBXFileReference; lastKnownFileType = sourcecode.swift; path = TodayLookCards.swift; sourceTree = "<group>"; };
		E6CBBA81179AA39EBC36BDF0 /* ClosetPinUITests.xctest */ = {isa = PBXFileReference; includeInIndex = 0; lastKnownFileType = wrapper.cfbundle; path = ClosetPinUITests.xctest; sourceTree = BUILT_PRODUCTS_DIR; };
		F3835AE21A74BC181029A710 /* SeasonResolver.swift */ = {isa = PBXFileReference; lastKnownFileType = sourcecode.swift; path = SeasonResolver.swift; sourceTree = "<group>"; };
/* End PBXFileReference section */

/* Begin PBXGroup section */
		035B92E4A45797D47B727728 /* Today */ = {
			isa = PBXGroup;
			children = (
				89F0917019B53E7AA4078D20 /* TodayDashboardCard.swift */,
				6A042EFCA92233AF531A985A /* TodayDecisionSupportViews.swift */,
				C22D3C89603FDF9ACBA3FF92 /* TodayFeedbackRecorder.swift */,
				C1F8CBBE28868F64C5F11956 /* TodayFeedbackViews.swift */,
				E59D2C477BE303C6088061F9 /* TodayLookCards.swift */,
				581701A584770C17DC783A88 /* TodayRecommendationExplanation.swift */,
				B8166A173440743E1A3E9BBA /* TodayView.swift */,
				A08269C9046C4DD920CC6241 /* TodayWeatherCards.swift */,
				0DDF783B278AE4409D6F26AC /* TodayWeatherPreview.swift */,
			);
			path = Today;
			sourceTree = "<group>";
		};
		15A5BBC4E51886DC383345C0 /* AI */ = {
			isa = PBXGroup;
			children = (
				E1A4485E7B21E0AECAB6C301 /* AIStylistClient.swift */,
				98A702507D275A1F77DA4D0C /* LocalFallbackStylistClient.swift */,
			);
			path = AI;
			sourceTree = "<group>";
		};
		1F162E6D00DC7E3F1A0F1225 = {
			isa = PBXGroup;
			children = (
				73132B706A811340A4477113 /* ClosetPin */,
				EBECF050C2F31092C5E1D75C /* ClosetPinTests */,
				59B32AF198624C1067220C6C /* ClosetPinUITests */,
				2BC1E46207923FBF96DA46AD /* Generated */,
				D5881B100AFBAC556BB6754C /* Products */,
			);
			sourceTree = "<group>";
		};
		2BC1E46207923FBF96DA46AD /* Generated */ = {
			isa = PBXGroup;
			children = (
				3116EA28A875687F20B9183A /* editorial-black-bottom.png */,
				DA163B8A51D76F86E6C91BCC /* editorial-black-shoes.png */,
				0E6E9610785DCE4B3B4A0FB3 /* editorial-brown-loafers.png */,
				2795F83AC148DE69BD259B50 /* editorial-charcoal-blazer.png */,
				296CF2132B53E4F593A46D56 /* editorial-charcoal-knit.png */,
				4C46A688E0AAAA6898691AC8 /* editorial-light-blue-blouse.png */,
				E1BD67DE5C1FE765B4189FB3 /* editorial-navy-bottom.png */,
				CD536F12EE5B2CA515CB80A7 /* editorial-white-shirt.png */,
				1E7AA4A90AC010AC251E028D /* editorial-work-bag.png */,
				D1B7AA169818AAB97CABB7DB /* empty-closet.png */,
				82883FD9D790A32728283834 /* work-capsule-onboarding.png */,
			);
			name = Generated;
			path = Assets/Generated;
			sourceTree = "<group>";
		};
		357F0235C34242AF3AFA5841 /* Features */ = {
			isa = PBXGroup;
			children = (
				E743F824D80BE082F4FD2A26 /* Closet */,
				696FEEA20F1EFAD2D7172F5D /* Looks */,
				36A7E34AFA99ABFA16A7D45E /* Onboarding */,
				B042D85BD5F4C0E4FF09E560 /* Settings */,
				035B92E4A45797D47B727728 /* Today */,
			);
			path = Features;
			sourceTree = "<group>";
		};
		36A7E34AFA99ABFA16A7D45E /* Onboarding */ = {
			isa = PBXGroup;
			children = (
				6EC74AA54C0434FFC1E558C9 /* WorkCapsuleOnboardingView.swift */,
			);
			path = Onboarding;
			sourceTree = "<group>";
		};
		3F6363E18295616B2DE7C791 /* Resources */ = {
			isa = PBXGroup;
			children = (
				E413A5D1091A7FF183944E06 /* InfoPlist.strings */,
				A85750860228B7E00954FB56 /* Localizable.strings */,
			);
			path = Resources;
			sourceTree = "<group>";
		};
		404AF2CD035CB1FAC7FF044B /* Domain */ = {
			isa = PBXGroup;
			children = (
				7C5929B6A909117EC0CD6464 /* ClothingItem.swift */,
				A250FFED2E6145D49403BE36 /* Enums.swift */,
				5CA4E1C0FD19B09BFCC523B2 /* Outfit.swift */,
				26C0A972DE29D35FB193C0BA /* OutfitFeedback.swift */,
				1455F84F2C8116E6F6D228E2 /* UserPreference.swift */,
			);
			path = Domain;
			sourceTree = "<group>";
		};
		59B32AF198624C1067220C6C /* ClosetPinUITests */ = {
			isa = PBXGroup;
			children = (
				1A6628CF51AD828C51B7775F /* .gitkeep */,
				781E7B811736C7608A900BCE /* ClosetPinUITests.swift */,
			);
			path = ClosetPinUITests;
			sourceTree = "<group>";
		};
		5C2710D2576F399238138E1F /* App */ = {
			isa = PBXGroup;
			children = (
				133E07AB3D2F286CB6D9D290 /* AppRootView.swift */,
				4E2990AF97E1832168A0D3E6 /* ClosetPinApp.swift */,
			);
			path = App;
			sourceTree = "<group>";
		};
		696FEEA20F1EFAD2D7172F5D /* Looks */ = {
			isa = PBXGroup;
			children = (
				3CBF41C7D0726124D828F1A0 /* LooksHistoryEntry.swift */,
				B862F19226649FA809122C8C /* LooksView.swift */,
			);
			path = Looks;
			sourceTree = "<group>";
		};
		73132B706A811340A4477113 /* ClosetPin */ = {
			isa = PBXGroup;
			children = (
				221D379C5738B55042B86777 /* ClosetPin.entitlements */,
				15A5BBC4E51886DC383345C0 /* AI */,
				5C2710D2576F399238138E1F /* App */,
				404AF2CD035CB1FAC7FF044B /* Domain */,
				357F0235C34242AF3AFA5841 /* Features */,
				B54AEC79A7A3C598BA8B738D /* Persistence */,
				7B9AD99D8FF0F0791E81498B /* Recommendation */,
				3F6363E18295616B2DE7C791 /* Resources */,
				A151DCCC1D24CA7127EB6F2E /* Shared */,
			);
			path = ClosetPin;
			sourceTree = "<group>";
		};
		7B9AD99D8FF0F0791E81498B /* Recommendation */ = {
			isa = PBXGroup;
			children = (
				35D7624E1D14529B81A91C33 /* OutfitCandidate.swift */,
				3E7A3D5FF30D8C4425502465 /* RecommendationEngine.swift */,
				7DFDD5DC2D19EF546AB00F79 /* RecommendationInput.swift */,
				6FB43E072BA67FB7B4AE0099 /* TomorrowRecommendationInput.swift */,
				BB5467D2C59170A22A523932 /* TomorrowWeatherContext.swift */,
				292CC2C048043A0D96C5D775 /* TomorrowWeatherProvider.swift */,
			);
			path = Recommendation;
			sourceTree = "<group>";
		};
		A151DCCC1D24CA7127EB6F2E /* Shared */ = {
			isa = PBXGroup;
			children = (
				809ABAC65A4166EC85CF9DA4 /* BundledPNGImage.swift */,
				A2A5B9448682133E954D60FA /* ColorResolver.swift */,
				8EA9444B65C10A16BD4568C6 /* DesignSystem.swift */,
				3459542ECBE9CB5C77731D26 /* L10n.swift */,
				A839101467EA40BAC9622ACC /* LocalizedDisplayNames.swift */,
				F3835AE21A74BC181029A710 /* SeasonResolver.swift */,
				94930D19525D7A6DB8DFE234 /* SeedData.swift */,
			);
			path = Shared;
			sourceTree = "<group>";
		};
		B042D85BD5F4C0E4FF09E560 /* Settings */ = {
			isa = PBXGroup;
			children = (
				B1664307D8A41C65CB4495D3 /* SettingsView.swift */,
			);
			path = Settings;
			sourceTree = "<group>";
		};
		B54AEC79A7A3C598BA8B738D /* Persistence */ = {
			isa = PBXGroup;
			children = (
				3FF35D600D515357508EC9BD /* ClosetItemPhotoPersistence.swift */,
				13E8095EBD274CF5062F6FD7 /* ImageStore.swift */,
			);
			path = Persistence;
			sourceTree = "<group>";
		};
		D5881B100AFBAC556BB6754C /* Products */ = {
			isa = PBXGroup;
			children = (
				1B3C054A40FFB8CE8696ED95 /* ClosetPin.app */,
				E59768AA5273726A64DDD37F /* ClosetPinTests.xctest */,
				E6CBBA81179AA39EBC36BDF0 /* ClosetPinUITests.xctest */,
			);
			name = Products;
			sourceTree = "<group>";
		};
		E743F824D80BE082F4FD2A26 /* Closet */ = {
			isa = PBXGroup;
			children = (
				73D373E1D22E4992594734E7 /* AddEditItemSnapshot.swift */,
				7E1DB499AC384C13A4BEB5BD /* AddEditItemView.swift */,
				81F1927E477038BB6B2B0928 /* AddItemPhotoPreviewAndCamera.swift */,
				49FB3B02FAF5157691270898 /* AddItemSemanticLevelControls.swift */,
				4CD87B2B3B1A049B660561AE /* AddItemSupportComponents.swift */,
				6EE3BFEBA1EE4BA87BDD94C4 /* ClosetGridComponents.swift */,
				68701FCD5AF70BE1DC246EF9 /* ClosetItemDetailView.swift */,
				DFC0B81F96A9D86DEE52FBDD /* ClosetView.swift */,
			);
			path = Closet;
			sourceTree = "<group>";
		};
		EBECF050C2F31092C5E1D75C /* ClosetPinTests */ = {
			isa = PBXGroup;
			children = (
				09691AA12BF84B4D80051480 /* .gitkeep */,
				48D80DA3A15B558323AD91C2 /* AIStylistClientTests.swift */,
				9C8C5196510F381DD189A761 /* ClosetPinTests.swift */,
				DCA34D7124C32E8513FEBC82 /* ColorResolverTests.swift */,
				BB2D9874E30C341346C01C09 /* ImageStoreTests.swift */,
				9341A2CD9130251CB0A2FE40 /* LocalizationTests.swift */,
				4C22975C677DB5862CF5CBD2 /* RecommendationEngineTests.swift */,
				E4A19A61B1888FD1922F01FC /* TodayFeedbackRecorderTests.swift */,
			);
			path = ClosetPinTests;
			sourceTree = "<group>";
		};
/* End PBXGroup section */

/* Begin PBXNativeTarget section */
		22616170217B7A3A0B092028 /* ClosetPin */ = {
			isa = PBXNativeTarget;
			buildConfigurationList = D7CE2D9CD0166949A59EF0D3 /* Build configuration list for PBXNativeTarget "ClosetPin" */;
			buildPhases = (
				E480F0E168141A77EB50125C /* Sources */,
				A95270773E16A2CECC662122 /* Resources */,
			);
			buildRules = (
			);
			dependencies = (
			);
			name = ClosetPin;
			packageProductDependencies = (
			);
			productName = ClosetPin;
			productReference = 1B3C054A40FFB8CE8696ED95 /* ClosetPin.app */;
			productType = "com.apple.product-type.application";
		};
		444064F1ACA33773D9806061 /* ClosetPinTests */ = {
			isa = PBXNativeTarget;
			buildConfigurationList = 02A016A54C6150438B6664DA /* Build configuration list for PBXNativeTarget "ClosetPinTests" */;
			buildPhases = (
				234B1C00BF72A6791EF5C848 /* Sources */,
			);
			buildRules = (
			);
			dependencies = (
				40DCDADC6E51FDF767236402 /* PBXTargetDependency */,
			);
			name = ClosetPinTests;
			packageProductDependencies = (
			);
			productName = ClosetPinTests;
			productReference = E59768AA5273726A64DDD37F /* ClosetPinTests.xctest */;
			productType = "com.apple.product-type.bundle.unit-test";
		};
		94132A674AABA59A1B7BF9B5 /* ClosetPinUITests */ = {
			isa = PBXNativeTarget;
			buildConfigurationList = 5B4E6E0052569AAF9D4E4424 /* Build configuration list for PBXNativeTarget "ClosetPinUITests" */;
			buildPhases = (
				1B3ABACB1CE79FC87491C592 /* Sources */,
			);
			buildRules = (
			);
			dependencies = (
				B69CD487DB6A5024F4D0F322 /* PBXTargetDependency */,
			);
			name = ClosetPinUITests;
			packageProductDependencies = (
			);
			productName = ClosetPinUITests;
			productReference = E6CBBA81179AA39EBC36BDF0 /* ClosetPinUITests.xctest */;
			productType = "com.apple.product-type.bundle.ui-testing";
		};
/* End PBXNativeTarget section */

/* Begin PBXProject section */
		F813D5A9D963A2FA53804366 /* Project object */ = {
			isa = PBXProject;
			attributes = {
				BuildIndependentTargetsInParallel = YES;
				LastUpgradeCheck = 1430;
				TargetAttributes = {
					94132A674AABA59A1B7BF9B5 = {
						TestTargetID = 22616170217B7A3A0B092028;
					};
				};
			};
			buildConfigurationList = BB8A74A50B0AF5DD22343FE1 /* Build configuration list for PBXProject "ClosetPin" */;
			developmentRegion = en;
			hasScannedForEncodings = 0;
			knownRegions = (
				Base,
				en,
				"zh-Hans",
			);
			mainGroup = 1F162E6D00DC7E3F1A0F1225;
			minimizedProjectReferenceProxies = 1;
			preferredProjectObjectVersion = 77;
			productRefGroup = D5881B100AFBAC556BB6754C /* Products */;
			projectDirPath = "";
			projectRoot = "";
			targets = (
				22616170217B7A3A0B092028 /* ClosetPin */,
				444064F1ACA33773D9806061 /* ClosetPinTests */,
				94132A674AABA59A1B7BF9B5 /* ClosetPinUITests */,
			);
		};
/* End PBXProject section */

/* Begin PBXResourcesBuildPhase section */
		A95270773E16A2CECC662122 /* Resources */ = {
			isa = PBXResourcesBuildPhase;
			buildActionMask = 2147483647;
			files = (
				3B0149C09FCAB555B564A2A7 /* InfoPlist.strings in Resources */,
				8B0F59B9FD6624CC9CBA9FEE /* Localizable.strings in Resources */,
				9D30CCF14F7364701FE4A552 /* editorial-black-bottom.png in Resources */,
				CF245F9253FEF30794EA42CC /* editorial-black-shoes.png in Resources */,
				F1FB0C44987B66FC3F17D0F3 /* editorial-brown-loafers.png in Resources */,
				6E03B115ED96960ECEEB2295 /* editorial-charcoal-blazer.png in Resources */,
				7FA3CCA8190DBC99D47F9958 /* editorial-charcoal-knit.png in Resources */,
				4A05B875DC92AED9298F9E65 /* editorial-light-blue-blouse.png in Resources */,
				82B21EC7302803A79E18DE4F /* editorial-navy-bottom.png in Resources */,
				FB5CD0A93909E33A14778F93 /* editorial-white-shirt.png in Resources */,
				F39DBC9FAF35295A292CC646 /* editorial-work-bag.png in Resources */,
				CA3BC3011ACF3AE34B63D46F /* empty-closet.png in Resources */,
				223AB287F65DA35004A2B056 /* work-capsule-onboarding.png in Resources */,
			);
			runOnlyForDeploymentPostprocessing = 0;
		};
/* End PBXResourcesBuildPhase section */

/* Begin PBXSourcesBuildPhase section */
		1B3ABACB1CE79FC87491C592 /* Sources */ = {
			isa = PBXSourcesBuildPhase;
			buildActionMask = 2147483647;
			files = (
				8CB792B52893C36DA199C581 /* ClosetPinUITests.swift in Sources */,
			);
			runOnlyForDeploymentPostprocessing = 0;
		};
		234B1C00BF72A6791EF5C848 /* Sources */ = {
			isa = PBXSourcesBuildPhase;
			buildActionMask = 2147483647;
			files = (
				7682B9A97FDA6BB5381CB26E /* AIStylistClientTests.swift in Sources */,
				8B4C7A8E92A0F2F131F12441 /* ClosetPinTests.swift in Sources */,
				5963473D25A6DD11BA02DBE0 /* ColorResolverTests.swift in Sources */,
				59F936BF9D10DD0BC453E3D3 /* ImageStoreTests.swift in Sources */,
				2772D4191F098F45E5BAD44D /* LocalizationTests.swift in Sources */,
				976AFE3CC1ABFCD220752F83 /* RecommendationEngineTests.swift in Sources */,
				D3F2AD7BF0AAD9F5DD90875C /* TodayFeedbackRecorderTests.swift in Sources */,
			);
			runOnlyForDeploymentPostprocessing = 0;
		};
		E480F0E168141A77EB50125C /* Sources */ = {
			isa = PBXSourcesBuildPhase;
			buildActionMask = 2147483647;
			files = (
				4BD7B4051AAC26E4795D77D3 /* AIStylistClient.swift in Sources */,
				590ED3BF4635F6FC7C22A43D /* AddEditItemSnapshot.swift in Sources */,
				D72CA4D288CEDE820D0A3021 /* AddEditItemView.swift in Sources */,
				B9452B3D2C6AED70E885FA6C /* AddItemPhotoPreviewAndCamera.swift in Sources */,
				558F59A6524BB54FF338E9B1 /* AddItemSemanticLevelControls.swift in Sources */,
				DE9FDA34FCDBA72C4CF3779B /* AddItemSupportComponents.swift in Sources */,
				35A52756F7AFE15B490885FA /* AppRootView.swift in Sources */,
				4346B649C06D1E28A39E0440 /* BundledPNGImage.swift in Sources */,
				B088F72542BD08CDE279DDB4 /* ClosetGridComponents.swift in Sources */,
				47FEF10443A5922DEFB6099B /* ClosetItemDetailView.swift in Sources */,
				32EA1A1610EBD14B01AEA771 /* ClosetItemPhotoPersistence.swift in Sources */,
				D4E1825413421BBA2695582F /* ClosetPinApp.swift in Sources */,
				F05F50DD9561CA2678633C7D /* ClosetView.swift in Sources */,
				4BDB406AAAFF08EC48BC36A8 /* ClothingItem.swift in Sources */,
				DC85507EA5555D582E7CCF7E /* ColorResolver.swift in Sources */,
				7FF6C8405650484701BFE182 /* DesignSystem.swift in Sources */,
				3F440E2A823C1BC84DF5BC41 /* Enums.swift in Sources */,
				A521AD0B82DD8C1E387C05B6 /* ImageStore.swift in Sources */,
				8934C1F9A3D2A327559CEBDD /* L10n.swift in Sources */,
				96B5A4BBE8712776077009C7 /* LocalFallbackStylistClient.swift in Sources */,
				4A4F33914D9345607CC771E5 /* LocalizedDisplayNames.swift in Sources */,
				2CDDB3CA9A1F2C0304448F4F /* LooksHistoryEntry.swift in Sources */,
				846F50C09E8CA6210EB00CFE /* LooksView.swift in Sources */,
				8C08826DB12653212B9D6AEF /* Outfit.swift in Sources */,
				D0D01A0DDBF9A6CD80152D4B /* OutfitCandidate.swift in Sources */,
				DB8D7FC7C21520079C764BE6 /* OutfitFeedback.swift in Sources */,
				13223625EC9D2CC5BEEFB879 /* RecommendationEngine.swift in Sources */,
				33F836112CA9FE571BB1E046 /* RecommendationInput.swift in Sources */,
				913EEEB7F01C22325009C159 /* SeasonResolver.swift in Sources */,
				A19EA32E3A40F2F9E8F3A045 /* SeedData.swift in Sources */,
				0384691ECF7EEB2CDDB7A805 /* SettingsView.swift in Sources */,
				29C98A7B7B8877533246DE6A /* TodayDashboardCard.swift in Sources */,
				50DFB63BB3F1879695C9E264 /* TodayDecisionSupportViews.swift in Sources */,
				D03FD08A7348A5D667C0D204 /* TodayFeedbackRecorder.swift in Sources */,
				1069029FA38AC384B8D7E894 /* TodayFeedbackViews.swift in Sources */,
				33330BCC6307EC51B446596A /* TodayLookCards.swift in Sources */,
				B64DB556579DA270D4F9B90B /* TodayRecommendationExplanation.swift in Sources */,
				ACCB10B79DE1C5F80AB82EEE /* TodayView.swift in Sources */,
				D42F784CFD95FC5F1A294887 /* TodayWeatherCards.swift in Sources */,
				76360778BAD13B0366ABF9C4 /* TodayWeatherPreview.swift in Sources */,
				5DC5706EAC2142FAB6BDC0C5 /* TomorrowRecommendationInput.swift in Sources */,
				5E09159BF02842FF3E61E279 /* TomorrowWeatherContext.swift in Sources */,
				011A5151D2A40D11F5767945 /* TomorrowWeatherProvider.swift in Sources */,
				583A2779FD5EE3B724ECE4E0 /* UserPreference.swift in Sources */,
				F17029415040017FA151B4CD /* WorkCapsuleOnboardingView.swift in Sources */,
			);
			runOnlyForDeploymentPostprocessing = 0;
		};
/* End PBXSourcesBuildPhase section */

/* Begin PBXTargetDependency section */
		40DCDADC6E51FDF767236402 /* PBXTargetDependency */ = {
			isa = PBXTargetDependency;
			target = 22616170217B7A3A0B092028 /* ClosetPin */;
			targetProxy = 94C0B8365CC3ECE750641326 /* PBXContainerItemProxy */;
		};
		B69CD487DB6A5024F4D0F322 /* PBXTargetDependency */ = {
			isa = PBXTargetDependency;
			target = 22616170217B7A3A0B092028 /* ClosetPin */;
			targetProxy = FACFE6E9E56456747CAE619A /* PBXContainerItemProxy */;
		};
/* End PBXTargetDependency section */

/* Begin PBXVariantGroup section */
		A85750860228B7E00954FB56 /* Localizable.strings */ = {
			isa = PBXVariantGroup;
			children = (
				74E84EA8C06695AB1365D88C /* en */,
				0C9E2C56056470BB08CA6577 /* zh-Hans */,
			);
			name = Localizable.strings;
			sourceTree = "<group>";
		};
		E413A5D1091A7FF183944E06 /* InfoPlist.strings */ = {
			isa = PBXVariantGroup;
			children = (
				AB6F630D32F658640BF4DA16 /* en */,
				9F7A72148EB3026EB997AC00 /* zh-Hans */,
			);
			name = InfoPlist.strings;
			sourceTree = "<group>";
		};
/* End PBXVariantGroup section */

/* Begin XCBuildConfiguration section */
		374BCF4407E718478D75D2D4 /* Release */ = {
			isa = XCBuildConfiguration;
			buildSettings = {
				BUNDLE_LOADER = "$(TEST_HOST)";
				GENERATE_INFOPLIST_FILE = YES;
				LD_RUNPATH_SEARCH_PATHS = (
					"$(inherited)",
					"@executable_path/Frameworks",
					"@loader_path/Frameworks",
				);
				PRODUCT_BUNDLE_IDENTIFIER = com.phil.ClosetPinTests;
				SDKROOT = iphoneos;
				TARGETED_DEVICE_FAMILY = "1,2";
				TEST_HOST = "$(BUILT_PRODUCTS_DIR)/ClosetPin.app/ClosetPin";
			};
			name = Release;
		};
		45DB84A649C5EA6A78C9C0ED /* Debug */ = {
			isa = XCBuildConfiguration;
			buildSettings = {
				ASSETCATALOG_COMPILER_APPICON_NAME = AppIcon;
				CODE_SIGN_ENTITLEMENTS = ClosetPin/ClosetPin.entitlements;
				CODE_SIGN_IDENTITY = "iPhone Developer";
				GENERATE_INFOPLIST_FILE = YES;
				INFOPLIST_KEY_NSCameraUsageDescription = "ClosetPin uses the camera so you can add clothes to your wardrobe.";
				INFOPLIST_KEY_NSPhotoLibraryUsageDescription = "ClosetPin lets you choose clothing photos to build your local wardrobe.";
				INFOPLIST_KEY_UILaunchScreen_Generation = YES;
				LD_RUNPATH_SEARCH_PATHS = (
					"$(inherited)",
					"@executable_path/Frameworks",
				);
				PRODUCT_BUNDLE_IDENTIFIER = com.phil.closetpin;
				SDKROOT = iphoneos;
				TARGETED_DEVICE_FAMILY = "1,2";
			};
			name = Debug;
		};
		50BE53975BE56EFA32724ABF /* Release */ = {
			isa = XCBuildConfiguration;
			buildSettings = {
				BUNDLE_LOADER = "$(TEST_HOST)";
				GENERATE_INFOPLIST_FILE = YES;
				LD_RUNPATH_SEARCH_PATHS = (
					"$(inherited)",
					"@executable_path/Frameworks",
					"@loader_path/Frameworks",
				);
				PRODUCT_BUNDLE_IDENTIFIER = com.phil.ClosetPinUITests;
				SDKROOT = iphoneos;
				TARGETED_DEVICE_FAMILY = "1,2";
				TEST_TARGET_NAME = ClosetPin;
			};
			name = Release;
		};
		91C9584C6A1F208C4ADC952A /* Debug */ = {
			isa = XCBuildConfiguration;
			buildSettings = {
				BUNDLE_LOADER = "$(TEST_HOST)";
				GENERATE_INFOPLIST_FILE = YES;
				LD_RUNPATH_SEARCH_PATHS = (
					"$(inherited)",
					"@executable_path/Frameworks",
					"@loader_path/Frameworks",
				);
				PRODUCT_BUNDLE_IDENTIFIER = com.phil.ClosetPinTests;
				SDKROOT = iphoneos;
				TARGETED_DEVICE_FAMILY = "1,2";
				TEST_HOST = "$(BUILT_PRODUCTS_DIR)/ClosetPin.app/ClosetPin";
			};
			name = Debug;
		};
		9BCFAD8F54CA207D6E7B1551 /* Debug */ = {
			isa = XCBuildConfiguration;
			buildSettings = {
				BUNDLE_LOADER = "$(TEST_HOST)";
				GENERATE_INFOPLIST_FILE = YES;
				LD_RUNPATH_SEARCH_PATHS = (
					"$(inherited)",
					"@executable_path/Frameworks",
					"@loader_path/Frameworks",
				);
				PRODUCT_BUNDLE_IDENTIFIER = com.phil.ClosetPinUITests;
				SDKROOT = iphoneos;
				TARGETED_DEVICE_FAMILY = "1,2";
				TEST_TARGET_NAME = ClosetPin;
			};
			name = Debug;
		};
		AB03CA5723F9116241E7B2FE /* Release */ = {
			isa = XCBuildConfiguration;
			buildSettings = {
				ALWAYS_SEARCH_USER_PATHS = NO;
				CLANG_ANALYZER_NONNULL = YES;
				CLANG_ANALYZER_NUMBER_OBJECT_CONVERSION = YES_AGGRESSIVE;
				CLANG_CXX_LANGUAGE_STANDARD = "gnu++14";
				CLANG_CXX_LIBRARY = "libc++";
				CLANG_ENABLE_MODULES = YES;
				CLANG_ENABLE_OBJC_ARC = YES;
				CLANG_ENABLE_OBJC_WEAK = YES;
				CLANG_WARN_BLOCK_CAPTURE_AUTORELEASING = YES;
				CLANG_WARN_BOOL_CONVERSION = YES;
				CLANG_WARN_COMMA = YES;
				CLANG_WARN_CONSTANT_CONVERSION = YES;
				CLANG_WARN_DEPRECATED_OBJC_IMPLEMENTATIONS = YES;
				CLANG_WARN_DIRECT_OBJC_ISA_USAGE = YES_ERROR;
				CLANG_WARN_DOCUMENTATION_COMMENTS = YES;
				CLANG_WARN_EMPTY_BODY = YES;
				CLANG_WARN_ENUM_CONVERSION = YES;
				CLANG_WARN_INFINITE_RECURSION = YES;
				CLANG_WARN_INT_CONVERSION = YES;
				CLANG_WARN_NON_LITERAL_NULL_CONVERSION = YES;
				CLANG_WARN_OBJC_IMPLICIT_RETAIN_SELF = YES;
				CLANG_WARN_OBJC_LITERAL_CONVERSION = YES;
				CLANG_WARN_OBJC_ROOT_CLASS = YES_ERROR;
				CLANG_WARN_QUOTED_INCLUDE_IN_FRAMEWORK_HEADER = YES;
				CLANG_WARN_RANGE_LOOP_ANALYSIS = YES;
				CLANG_WARN_STRICT_PROTOTYPES = YES;
				CLANG_WARN_SUSPICIOUS_MOVE = YES;
				CLANG_WARN_UNGUARDED_AVAILABILITY = YES_AGGRESSIVE;
				CLANG_WARN_UNREACHABLE_CODE = YES;
				CLANG_WARN__DUPLICATE_METHOD_MATCH = YES;
				COPY_PHASE_STRIP = NO;
				DEBUG_INFORMATION_FORMAT = "dwarf-with-dsym";
				ENABLE_NS_ASSERTIONS = NO;
				ENABLE_STRICT_OBJC_MSGSEND = YES;
				GCC_C_LANGUAGE_STANDARD = gnu11;
				GCC_NO_COMMON_BLOCKS = YES;
				GCC_WARN_64_TO_32_BIT_CONVERSION = YES;
				GCC_WARN_ABOUT_RETURN_TYPE = YES_ERROR;
				GCC_WARN_UNDECLARED_SELECTOR = YES;
				GCC_WARN_UNINITIALIZED_AUTOS = YES_AGGRESSIVE;
				GCC_WARN_UNUSED_FUNCTION = YES;
				GCC_WARN_UNUSED_VARIABLE = YES;
				IPHONEOS_DEPLOYMENT_TARGET = 18.0;
				MTL_ENABLE_DEBUG_INFO = NO;
				MTL_FAST_MATH = YES;
				PRODUCT_NAME = "$(TARGET_NAME)";
				SDKROOT = iphoneos;
				SWIFT_COMPILATION_MODE = wholemodule;
				SWIFT_OPTIMIZATION_LEVEL = "-O";
				SWIFT_VERSION = 6.0;
			};
			name = Release;
		};
		BCE7C630CF42D9A4213777EF /* Debug */ = {
			isa = XCBuildConfiguration;
			buildSettings = {
				ALWAYS_SEARCH_USER_PATHS = NO;
				CLANG_ANALYZER_NONNULL = YES;
				CLANG_ANALYZER_NUMBER_OBJECT_CONVERSION = YES_AGGRESSIVE;
				CLANG_CXX_LANGUAGE_STANDARD = "gnu++14";
				CLANG_CXX_LIBRARY = "libc++";
				CLANG_ENABLE_MODULES = YES;
				CLANG_ENABLE_OBJC_ARC = YES;
				CLANG_ENABLE_OBJC_WEAK = YES;
				CLANG_WARN_BLOCK_CAPTURE_AUTORELEASING = YES;
				CLANG_WARN_BOOL_CONVERSION = YES;
				CLANG_WARN_COMMA = YES;
				CLANG_WARN_CONSTANT_CONVERSION = YES;
				CLANG_WARN_DEPRECATED_OBJC_IMPLEMENTATIONS = YES;
				CLANG_WARN_DIRECT_OBJC_ISA_USAGE = YES_ERROR;
				CLANG_WARN_DOCUMENTATION_COMMENTS = YES;
				CLANG_WARN_EMPTY_BODY = YES;
				CLANG_WARN_ENUM_CONVERSION = YES;
				CLANG_WARN_INFINITE_RECURSION = YES;
				CLANG_WARN_INT_CONVERSION = YES;
				CLANG_WARN_NON_LITERAL_NULL_CONVERSION = YES;
				CLANG_WARN_OBJC_IMPLICIT_RETAIN_SELF = YES;
				CLANG_WARN_OBJC_LITERAL_CONVERSION = YES;
				CLANG_WARN_OBJC_ROOT_CLASS = YES_ERROR;
				CLANG_WARN_QUOTED_INCLUDE_IN_FRAMEWORK_HEADER = YES;
				CLANG_WARN_RANGE_LOOP_ANALYSIS = YES;
				CLANG_WARN_STRICT_PROTOTYPES = YES;
				CLANG_WARN_SUSPICIOUS_MOVE = YES;
				CLANG_WARN_UNGUARDED_AVAILABILITY = YES_AGGRESSIVE;
				CLANG_WARN_UNREACHABLE_CODE = YES;
				CLANG_WARN__DUPLICATE_METHOD_MATCH = YES;
				COPY_PHASE_STRIP = NO;
				DEBUG_INFORMATION_FORMAT = dwarf;
				ENABLE_STRICT_OBJC_MSGSEND = YES;
				ENABLE_TESTABILITY = YES;
				GCC_C_LANGUAGE_STANDARD = gnu11;
				GCC_DYNAMIC_NO_PIC = NO;
				GCC_NO_COMMON_BLOCKS = YES;
				GCC_OPTIMIZATION_LEVEL = 0;
				GCC_PREPROCESSOR_DEFINITIONS = (
					"$(inherited)",
					"DEBUG=1",
				);
				GCC_WARN_64_TO_32_BIT_CONVERSION = YES;
				GCC_WARN_ABOUT_RETURN_TYPE = YES_ERROR;
				GCC_WARN_UNDECLARED_SELECTOR = YES;
				GCC_WARN_UNINITIALIZED_AUTOS = YES_AGGRESSIVE;
				GCC_WARN_UNUSED_FUNCTION = YES;
				GCC_WARN_UNUSED_VARIABLE = YES;
				IPHONEOS_DEPLOYMENT_TARGET = 18.0;
				MTL_ENABLE_DEBUG_INFO = INCLUDE_SOURCE;
				MTL_FAST_MATH = YES;
				ONLY_ACTIVE_ARCH = YES;
				PRODUCT_NAME = "$(TARGET_NAME)";
				SDKROOT = iphoneos;
				SWIFT_ACTIVE_COMPILATION_CONDITIONS = DEBUG;
				SWIFT_OPTIMIZATION_LEVEL = "-Onone";
				SWIFT_VERSION = 6.0;
			};
			name = Debug;
		};
		D71926004C8810412B355198 /* Release */ = {
			isa = XCBuildConfiguration;
			buildSettings = {
				ASSETCATALOG_COMPILER_APPICON_NAME = AppIcon;
				CODE_SIGN_ENTITLEMENTS = ClosetPin/ClosetPin.entitlements;
				CODE_SIGN_IDENTITY = "iPhone Developer";
				GENERATE_INFOPLIST_FILE = YES;
				INFOPLIST_KEY_NSCameraUsageDescription = "ClosetPin uses the camera so you can add clothes to your wardrobe.";
				INFOPLIST_KEY_NSPhotoLibraryUsageDescription = "ClosetPin lets you choose clothing photos to build your local wardrobe.";
				INFOPLIST_KEY_UILaunchScreen_Generation = YES;
				LD_RUNPATH_SEARCH_PATHS = (
					"$(inherited)",
					"@executable_path/Frameworks",
				);
				PRODUCT_BUNDLE_IDENTIFIER = com.phil.closetpin;
				SDKROOT = iphoneos;
				TARGETED_DEVICE_FAMILY = "1,2";
			};
			name = Release;
		};
/* End XCBuildConfiguration section */

/* Begin XCConfigurationList section */
		02A016A54C6150438B6664DA /* Build configuration list for PBXNativeTarget "ClosetPinTests" */ = {
			isa = XCConfigurationList;
			buildConfigurations = (
				91C9584C6A1F208C4ADC952A /* Debug */,
				374BCF4407E718478D75D2D4 /* Release */,
			);
			defaultConfigurationIsVisible = 0;
			defaultConfigurationName = Debug;
		};
		5B4E6E0052569AAF9D4E4424 /* Build configuration list for PBXNativeTarget "ClosetPinUITests" */ = {
			isa = XCConfigurationList;
			buildConfigurations = (
				9BCFAD8F54CA207D6E7B1551 /* Debug */,
				50BE53975BE56EFA32724ABF /* Release */,
			);
			defaultConfigurationIsVisible = 0;
			defaultConfigurationName = Debug;
		};
		BB8A74A50B0AF5DD22343FE1 /* Build configuration list for PBXProject "ClosetPin" */ = {
			isa = XCConfigurationList;
			buildConfigurations = (
				BCE7C630CF42D9A4213777EF /* Debug */,
				AB03CA5723F9116241E7B2FE /* Release */,
			);
			defaultConfigurationIsVisible = 0;
			defaultConfigurationName = Debug;
		};
		D7CE2D9CD0166949A59EF0D3 /* Build configuration list for PBXNativeTarget "ClosetPin" */ = {
			isa = XCConfigurationList;
			buildConfigurations = (
				45DB84A649C5EA6A78C9C0ED /* Debug */,
				D71926004C8810412B355198 /* Release */,
			);
			defaultConfigurationIsVisible = 0;
			defaultConfigurationName = Debug;
		};
/* End XCConfigurationList section */
	};
	rootObject = F813D5A9D963A2FA53804366 /* Project object */;
}
